// !$*UTF8*$!
{
	archiveVersion = 1;
	classes = {
	};
	objectVersion = 50;
	objects = {

/* Begin PBXBuildFile section */
		4944EA8C255E7D0200F88494 /* AppDelegate.swift in Sources */ = {isa = PBXBuildFile; fileRef = 4944EA8B255E7D0200F88494 /* AppDelegate.swift */; };
		4944EA8E255E7D0200F88494 /* SceneDelegate.swift in Sources */ = {isa = PBXBuildFile; fileRef = 4944EA8D255E7D0200F88494 /* SceneDelegate.swift */; };
		4944EA90255E7D0200F88494 /* ViewController.swift in Sources */ = {isa = PBXBuildFile; fileRef = 4944EA8F255E7D0200F88494 /* ViewController.swift */; };
		4944EA93255E7D0200F88494 /* Main.storyboard in Resources */ = {isa = PBXBuildFile; fileRef = 4944EA91255E7D0200F88494 /* Main.storyboard */; };
		4944EA95255E7D0400F88494 /* Assets.xcassets in Resources */ = {isa = PBXBuildFile; fileRef = 4944EA94255E7D0400F88494 /* Assets.xcassets */; };
		4944EA98255E7D0400F88494 /* LaunchScreen.storyboard in Resources */ = {isa = PBXBuildFile; fileRef = 4944EA96255E7D0400F88494 /* LaunchScreen.storyboard */; };
		4944EAA3255E7D0400F88494 /* MyPlaces10Tests.swift in Sources */ = {isa = PBXBuildFile; fileRef = 4944EAA2255E7D0400F88494 /* MyPlaces10Tests.swift */; };
		4944EAAE255E7D0400F88494 /* MyPlaces10UITests.swift in Sources */ = {isa = PBXBuildFile; fileRef = 4944EAAD255E7D0400F88494 /* MyPlaces10UITests.swift */; };
/* End PBXBuildFile section */

/* Begin PBXContainerItemProxy section */
		4944EA9F255E7D0400F88494 /* PBXContainerItemProxy */ = {
			isa = PBXContainerItemProxy;
			containerPortal = 4944EA80255E7D0200F88494 /* Project object */;
			proxyType = 1;
			remoteGlobalIDString = 4944EA87255E7D0200F88494;
			remoteInfo = MyPlaces10;
		};
		4944EAAA255E7D0400F88494 /* PBXContainerItemProxy */ = {
			isa = PBXContainerItemProxy;
			containerPortal = 4944EA80255E7D0200F88494 /* Project object */;
			proxyType = 1;
			remoteGlobalIDString = 4944EA87255E7D0200F88494;
			remoteInfo = MyPlaces10;
		};
/* End PBXContainerItemProxy section */

/* Begin PBXFileReference section */
		4944EA88255E7D0200F88494 /* MyPlaces10.app */ = {isa = PBXFileReference; explicitFileType = wrapper.application; includeInIndex = 0; path = MyPlaces10.app; sourceTree = BUILT_PRODUCTS_DIR; };
		4944EA8B255E7D0200F88494 /* AppDelegate.swift */ = {isa = PBXFileReference; lastKnownFileType = sourcecode.swift; path = AppDelegate.swift; sourceTree = "<group>"; };
		4944EA8D255E7D0200F88494 /* SceneDelegate.swift */ = {isa = PBXFileReference; lastKnownFileType = sourcecode.swift; path = SceneDelegate.swift; sourceTree = "<group>"; };
		4944EA8F255E7D0200F88494 /* ViewController.swift */ = {isa = PBXFileReference; lastKnownFileType = sourcecode.swift; path = ViewController.swift; sourceTree = "<group>"; };
		4944EA92255E7D0200F88494 /* Base */ = {isa = PBXFileReference; lastKnownFileType = file.storyboard; name = Base; path = Base.lproj/Main.storyboard; sourceTree = "<group>"; };
		4944EA94255E7D0400F88494 /* Assets.xcassets */ = {isa = PBXFileReference; lastKnownFileType = folder.assetcatalog; path = Assets.xcassets; sourceTree = "<group>"; };
		4944EA97255E7D0400F88494 /* Base */ = {isa = PBXFileReference; lastKnownFileType = file.storyboard; name = Base; path = Base.lproj/LaunchScreen.storyboard; sourceTree = "<group>"; };
		4944EA99255E7D0400F88494 /* Info.plist */ = {isa = PBXFileReference; lastKnownFileType = text.plist.xml; path = Info.plist; sourceTree = "<group>"; };
		4944EA9E255E7D0400F88494 /* MyPlaces10Tests.xctest */ = {isa = PBXFileReference; explicitFileType = wrapper.cfbundle; includeInIndex = 0; path = MyPlaces10Tests.xctest; sourceTree = BUILT_PRODUCTS_DIR; };
		4944EAA2255E7D0400F88494 /* MyPlaces10Tests.swift */ = {isa = PBXFileReference; lastKnownFileType = sourcecode.swift; path = MyPlaces10Tests.swift; sourceTree = "<group>"; };
		4944EAA4255E7D0400F88494 /* Info.plist */ = {isa = PBXFileReference; lastKnownFileType = text.plist.xml; path = Info.plist; sourceTree = "<group>"; };
		4944EAA9255E7D0400F88494 /* MyPlaces10UITests.xctest */ = {isa = PBXFileReference; explicitFileType = wrapper.cfbundle; includeInIndex = 0; path = MyPlaces10UITests.xctest; sourceTree = BUILT_PRODUCTS_DIR; };
		4944EAAD255E7D0400F88494 /* MyPlaces10UITests.swift */ = {isa = PBXFileReference; lastKnownFileType = sourcecode.swift; path = MyPlaces10UITests.swift; sourceTree = "<group>"; };
		4944EAAF255E7D0400F88494 /* Info.plist */ = {isa = PBXFileReference; lastKnownFileType = text.plist.xml; path = Info.plist; sourceTree = "<group>"; };
/* End PBXFileReference section */

/* Begin PBXFrameworksBuildPhase section */
		4944EA85255E7D0200F88494 /* Frameworks */ = {
			isa = PBXFrameworksBuildPhase;
			buildActionMask = 2147483647;
			files = (
			);
			runOnlyForDeploymentPostprocessing = 0;
		};
		4944EA9B255E7D0400F88494 /* Frameworks */ = {
			isa = PBXFrameworksBuildPhase;
			buildActionMask = 2147483647;
			files = (
			);
			runOnlyForDeploymentPostprocessing = 0;
		};
		4944EAA6255E7D0400F88494 /* Frameworks */ = {
			isa = PBXFrameworksBuildPhase;
			buildActionMask = 2147483647;
			files = (
			);
			runOnlyForDeploymentPostprocessing = 0;
		};
/* End PBXFrameworksBuildPhase section */

/* Begin PBXGroup section */
		4944EA7F255E7D0200F88494 = {
			isa = PBXGroup;
			children = (
				4944EA8A255E7D0200F88494 /* MyPlaces10 */,
				4944EAA1255E7D0400F88494 /* MyPlaces10Tests */,
				4944EAAC255E7D0400F88494 /* MyPlaces10UITests */,
				4944EA89255E7D0200F88494 /* Products */,
			);
			sourceTree = "<group>";
		};
		4944EA89255E7D0200F88494 /* Products */ = {
			isa = PBXGroup;
			children = (
				4944EA88255E7D0200F88494 /* MyPlaces10.app */,
				4944EA9E255E7D0400F88494 /* MyPlaces10Tests.xctest */,
				4944EAA9255E7D0400F88494 /* MyPlaces10UITests.xctest */,
			);
			name = Products;
			sourceTree = "<group>";
		};
		4944EA8A255E7D0200F88494 /* MyPlaces10 */ = {
			isa = PBXGroup;
			children = (
				4944EA8B255E7D0200F88494 /* AppDelegate.swift */,
				4944EA8D255E7D0200F88494 /* SceneDelegate.swift */,
				4944EA8F255E7D0200F88494 /* ViewController.swift */,
				4944EA91255E7D0200F88494 /* Main.storyboard */,
				4944EA94255E7D0400F88494 /* Assets.xcassets */,
				4944EA96255E7D0400F88494 /* LaunchScreen.storyboard */,
				4944EA99255E7D0400F88494 /* Info.plist */,
			);
			path = MyPlaces10;
			sourceTree = "<group>";
		};
		4944EAA1255E7D0400F88494 /* MyPlaces10Tests */ = {
			isa = PBXGroup;
			children = (
				4944EAA2255E7D0400F88494 /* MyPlaces10Tests.swift */,
				4944EAA4255E7D0400F88494 /* Info.plist */,
			);
			path = MyPlaces10Tests;
			sourceTree = "<group>";
		};
		4944EAAC255E7D0400F88494 /* MyPlaces10UITests */ = {
			isa = PBXGroup;
			children = (
				4944EAAD255E7D0400F88494 /* MyPlaces10UITests.swift */,
				4944EAAF255E7D0400F88494 /* Info.plist */,
			);
			path = MyPlaces10UITests;
			sourceTree = "<group>";
		};
/* End PBXGroup section */

/* Begin PBXNativeTarget section */
		4944EA87255E7D0200F88494 /* MyPlaces10 */ = {
			isa = PBXNativeTarget;
			buildConfigurationList = 4944EAB2255E7D0400F88494 /* Build configuration list for PBXNativeTarget "MyPlaces10" */;
			buildPhases = (
				4944EA84255E7D0200F88494 /* Sources */,
				4944EA85255E7D0200F88494 /* Frameworks */,
				4944EA86255E7D0200F88494 /* Resources */,
			);
			buildRules = (
			);
			dependencies = (
			);
			name = MyPlaces10;
			productName = MyPlaces10;
			productReference = 4944EA88255E7D0200F88494 /* MyPlaces10.app */;
			productType = "com.apple.product-type.application";
		};
		4944EA9D255E7D0400F88494 /* MyPlaces10Tests */ = {
			isa = PBXNativeTarget;
			buildConfigurationList = 4944EAB5255E7D0400F88494 /* Build configuration list for PBXNativeTarget "MyPlaces10Tests" */;
			buildPhases = (
				4944EA9A255E7D0400F88494 /* Sources */,
				4944EA9B255E7D0400F88494 /* Frameworks */,
				4944EA9C255E7D0400F88494 /* Resources */,
			);
			buildRules = (
			);
			dependencies = (
				4944EAA0255E7D0400F88494 /* PBXTargetDependency */,
			);
			name = MyPlaces10Tests;
			productName = MyPlaces10Tests;
			productReference = 4944EA9E255E7D0400F88494 /* MyPlaces10Tests.xctest */;
			productType = "com.apple.product-type.bundle.unit-test";
		};
		4944EAA8255E7D0400F88494 /* MyPlaces10UITests */ = {
			isa = PBXNativeTarget;
			buildConfigurationList = 4944EAB8255E7D0400F88494 /* Build configuration list for PBXNativeTarget "MyPlaces10UITests" */;
			buildPhases = (
				4944EAA5255E7D0400F88494 /* Sources */,
				4944EAA6255E7D0400F88494 /* Frameworks */,
				4944EAA7255E7D0400F88494 /* Resources */,
			);
			buildRules = (
			);
			dependencies = (
				4944EAAB255E7D0400F88494 /* PBXTargetDependency */,
			);
			name = MyPlaces10UITests;
			productName = MyPlaces10UITests;
			productReference = 4944EAA9255E7D0400F88494 /* MyPlaces10UITests.xctest */;
			productType = "com.apple.product-type.bundle.ui-testing";
		};
/* End PBXNativeTarget section */

/* Begin PBXProject section */
		4944EA80255E7D0200F88494 /* Project object */ = {
			isa = PBXProject;
			attributes = {
				LastSwiftUpdateCheck = 1210;
				LastUpgradeCheck = 1210;
				TargetAttributes = {
					4944EA87255E7D0200F88494 = {
						CreatedOnToolsVersion = 12.1;
					};
					4944EA9D255E7D0400F88494 = {
						CreatedOnToolsVersion = 12.1;
						TestTargetID = 4944EA87255E7D0200F88494;
					};
					4944EAA8255E7D0400F88494 = {
						CreatedOnToolsVersion = 12.1;
						TestTargetID = 4944EA87255E7D0200F88494;
					};
				};
			};
			buildConfigurationList = 4944EA83255E7D0200F88494 /* Build configuration list for PBXProject "MyPlaces10" */;
			compatibilityVersion = "Xcode 9.3";
			developmentRegion = en;
			hasScannedForEncodings = 0;
			knownRegions = (
				en,
				Base,
			);
			mainGroup = 4944EA7F255E7D0200F88494;
			productRefGroup = 4944EA89255E7D0200F88494 /* Products */;
			projectDirPath = "";
			projectRoot = "";
			targets = (
				4944EA87255E7D0200F88494 /* MyPlaces10 */,
				4944EA9D255E7D0400F88494 /* MyPlaces10Tests */,
				4944EAA8255E7D0400F88494 /* MyPlaces10UITests */,
			);
		};
/* End PBXProject section */

/* Begin PBXResourcesBuildPhase section */
		4944EA86255E7D0200F88494 /* Resources */ = {
			isa = PBXResourcesBuildPhase;
			buildActionMask = 2147483647;
			files = (
				4944EA98255E7D0400F88494 /* LaunchScreen.storyboard in Resources */,
				4944EA95255E7D0400F88494 /* Assets.xcassets in Resources */,
				4944EA93255E7D0200F88494 /* Main.storyboard in Resources */,
			);
			runOnlyForDeploymentPostprocessing = 0;
		};
		4944EA9C255E7D0400F88494 /* Resources */ = {
			isa = PBXResourcesBuildPhase;
			buildActionMask = 2147483647;
			files = (
			);
			runOnlyForDeploymentPostprocessing = 0;
		};
		4944EAA7255E7D0400F88494 /* Resources */ = {
			isa = PBXResourcesBuildPhase;
			buildActionMask = 2147483647;
			files = (
			);
			runOnlyForDeploymentPostprocessing = 0;
		};
/* End PBXResourcesBuildPhase section */

/* Begin PBXSourcesBuildPhase section */
		4944EA84255E7D0200F88494 /* Sources */ = {
			isa = PBXSourcesBuildPhase;
			buildActionMask = 2147483647;
			files = (
				4944EA90255E7D0200F88494 /* ViewController.swift in Sources */,
				4944EA8C255E7D0200F88494 /* AppDelegate.swift in Sources */,
				4944EA8E255E7D0200F88494 /* SceneDelegate.swift in Sources */,
			);
			runOnlyForDeploymentPostprocessing = 0;
		};
		4944EA9A255E7D0400F88494 /* Sources */ = {
			isa = PBXSourcesBuildPhase;
			buildActionMask = 2147483647;
			files = (
				4944EAA3255E7D0400F88494 /* MyPlaces10Tests.swift in Sources */,
			);
			runOnlyForDeploymentPostprocessing = 0;
		};
		4944EAA5255E7D0400F88494 /* Sources */ = {
			isa = PBXSourcesBuildPhase;
			buildActionMask = 2147483647;
			files = (
				4944EAAE255E7D0400F88494 /* MyPlaces10UITests.swift in Sources */,
			);
			runOnlyForDeploymentPostprocessing = 0;
		};
/* End PBXSourcesBuildPhase section */

/* Begin PBXTargetDependency section */
		4944EAA0255E7D0400F88494 /* PBXTargetDependency */ = {
			isa = PBXTargetDependency;
			target = 4944EA87255E7D0200F88494 /* MyPlaces10 */;
			targetProxy = 4944EA9F255E7D0400F88494 /* PBXContainerItemProxy */;
		};
		4944EAAB255E7D0400F88494 /* PBXTargetDependency */ = {
			isa = PBXTargetDependency;
			target = 4944EA87255E7D0200F88494 /* MyPlaces10 */;
			targetProxy = 4944EAAA255E7D0400F88494 /* PBXContainerItemProxy */;
		};
/* End PBXTargetDependency section */

/* Begin PBXVariantGroup section */
		4944EA91255E7D0200F88494 /* Main.storyboard */ = {
			isa = PBXVariantGroup;
			children = (
				4944EA92255E7D0200F88494 /* Base */,
			);
			name = Main.storyboard;
			sourceTree = "<group>";
		};
		4944EA96255E7D0400F88494 /* LaunchScreen.storyboard */ = {
			isa = PBXVariantGroup;
			children = (
				4944EA97255E7D0400F88494 /* Base */,
			);
			name = LaunchScreen.storyboard;
			sourceTree = "<group>";
		};
/* End PBXVariantGroup section */

/* Begin XCBuildConfiguration section */
		4944EAB0255E7D0400F88494 /* Debug */ = {
			isa = XCBuildConfiguration;
			buildSettings = {
				ALWAYS_SEARCH_USER_PATHS = NO;
				CLANG_ANALYZER_NONNULL = YES;
				CLANG_ANALYZER_NUMBER_OBJECT_CONVERSION = YES_AGGRESSIVE;
				CLANG_CXX_LANGUAGE_STANDARD = "gnu++14";
				CLANG_CXX_LIBRARY = "libc++";
				CLANG_ENABLE_MODULES = YES;
				CLANG_ENABLE_OBJC_ARC = YES;
				CLANG_ENABLE_OBJC_WEAK = YES;
				CLANG_WARN_BLOCK_CAPTURE_AUTORELEASING = YES;
				CLANG_WARN_BOOL_CONVERSION = YES;
				CLANG_WARN_COMMA = YES;
				CLANG_WARN_CONSTANT_CONVERSION = YES;
				CLANG_WARN_DEPRECATED_OBJC_IMPLEMENTATIONS = YES;
				CLANG_WARN_DIRECT_OBJC_ISA_USAGE = YES_ERROR;
				CLANG_WARN_DOCUMENTATION_COMMENTS = YES;
				CLANG_WARN_EMPTY_BODY = YES;
				CLANG_WARN_ENUM_CONVERSION = YES;
				CLANG_WARN_INFINITE_RECURSION = YES;
				CLANG_WARN_INT_CONVERSION = YES;
				CLANG_WARN_NON_LITERAL_NULL_CONVERSION = YES;
				CLANG_WARN_OBJC_IMPLICIT_RETAIN_SELF = YES;
				CLANG_WARN_OBJC_LITERAL_CONVERSION = YES;
				CLANG_WARN_OBJC_ROOT_CLASS = YES_ERROR;
				CLANG_WARN_QUOTED_INCLUDE_IN_FRAMEWORK_HEADER = YES;
				CLANG_WARN_RANGE_LOOP_ANALYSIS = YES;
				CLANG_WARN_STRICT_PROTOTYPES = YES;
				CLANG_WARN_SUSPICIOUS_MOVE = YES;
				CLANG_WARN_UNGUARDED_AVAILABILITY = YES_AGGRESSIVE;
				CLANG_WARN_UNREACHABLE_CODE = YES;
				CLANG_WARN__DUPLICATE_METHOD_MATCH = YES;
				COPY_PHASE_STRIP = NO;
				DEBUG_INFORMATION_FORMAT = dwarf;
				ENABLE_STRICT_OBJC_MSGSEND = YES;
				ENABLE_TESTABILITY = YES;
				GCC_C_LANGUAGE_STANDARD = gnu11;
				GCC_DYNAMIC_NO_PIC = NO;
				GCC_NO_COMMON_BLOCKS = YES;
				GCC_OPTIMIZATION_LEVEL = 0;
				GCC_PREPROCESSOR_DEFINITIONS = (
					"DEBUG=1",
					"$(inherited)",
				);
				GCC_WARN_64_TO_32_BIT_CONVERSION = YES;
				GCC_WARN_ABOUT_RETURN_TYPE = YES_ERROR;
				GCC_WARN_UNDECLARED_SELECTOR = YES;
				GCC_WARN_UNINITIALIZED_AUTOS = YES_AGGRESSIVE;
				GCC_WARN_UNUSED_FUNCTION = YES;
				GCC_WARN_UNUSED_VARIABLE = YES;
				IPHONEOS_DEPLOYMENT_TARGET = 14.1;
				MTL_ENABLE_DEBUG_INFO = INCLUDE_SOURCE;
				MTL_FAST_MATH = YES;
				ONLY_ACTIVE_ARCH = YES;
				SDKROOT = iphoneos;
				SWIFT_ACTIVE_COMPILATION_CONDITIONS = DEBUG;
				SWIFT_OPTIMIZATION_LEVEL = "-Onone";
			};
			name = Debug;
		};
		4944EAB1255E7D0400F88494 /* Release */ = {
			isa = XCBuildConfiguration;
			buildSettings = {
				ALWAYS_SEARCH_USER_PATHS = NO;
				CLANG_ANALYZER_NONNULL = YES;
				CLANG_ANALYZER_NUMBER_OBJECT_CONVERSION = YES_AGGRESSIVE;
				CLANG_CXX_LANGUAGE_STANDARD = "gnu++14";
				CLANG_CXX_LIBRARY = "libc++";
				CLANG_ENABLE_MODULES = YES;
				CLANG_ENABLE_OBJC_ARC = YES;
				CLANG_ENABLE_OBJC_WEAK = YES;
				CLANG_WARN_BLOCK_CAPTURE_AUTORELEASING = YES;
				CLANG_WARN_BOOL_CONVERSION = YES;
				CLANG_WARN_COMMA = YES;
				CLANG_WARN_CONSTANT_CONVERSION = YES;
				CLANG_WARN_DEPRECATED_OBJC_IMPLEMENTATIONS = YES;
				CLANG_WARN_DIRECT_OBJC_ISA_USAGE = YES_ERROR;
				CLANG_WARN_DOCUMENTATION_COMMENTS = YES;
				CLANG_WARN_EMPTY_BODY = YES;
				CLANG_WARN_ENUM_CONVERSION = YES;
				CLANG_WARN_INFINITE_RECURSION = YES;
				CLANG_WARN_INT_CONVERSION = YES;
				CLANG_WARN_NON_LITERAL_NULL_CONVERSION = YES;
				CLANG_WARN_OBJC_IMPLICIT_RETAIN_SELF = YES;
				CLANG_WARN_OBJC_LITERAL_CONVERSION = YES;
				CLANG_WARN_OBJC_ROOT_CLASS = YES_ERROR;
				CLANG_WARN_QUOTED_INCLUDE_IN_FRAMEWORK_HEADER = YES;
				CLANG_WARN_RANGE_LOOP_ANALYSIS = YES;
				CLANG_WARN_STRICT_PROTOTYPES = YES;
				CLANG_WARN_SUSPICIOUS_MOVE = YES;
				CLANG_WARN_UNGUARDED_AVAILABILITY = YES_AGGRESSIVE;
				CLANG_WARN_UNREACHABLE_CODE = YES;
				CLANG_WARN__DUPLICATE_METHOD_MATCH = YES;
				COPY_PHASE_STRIP = NO;
				DEBUG_INFORMATION_FORMAT = "dwarf-with-dsym";
				ENABLE_NS_ASSERTIONS = NO;
				ENABLE_STRICT_OBJC_MSGSEND = YES;
				GCC_C_LANGUAGE_STANDARD = gnu11;
				GCC_NO_COMMON_BLOCKS = YES;
				GCC_WARN_64_TO_32_BIT_CONVERSION = YES;
				GCC_WARN_ABOUT_RETURN_TYPE = YES_ERROR;
				GCC_WARN_UNDECLARED_SELECTOR = YES;
				GCC_WARN_UNINITIALIZED_AUTOS = YES_AGGRESSIVE;
				GCC_WARN_UNUSED_FUNCTION = YES;
				GCC_WARN_UNUSED_VARIABLE = YES;
				IPHONEOS_DEPLOYMENT_TARGET = 14.1;
				MTL_ENABLE_DEBUG_INFO = NO;
				MTL_FAST_MATH = YES;
				SDKROOT = iphoneos;
				SWIFT_COMPILATION_MODE = wholemodule;
				SWIFT_OPTIMIZATION_LEVEL = "-O";
				VALIDATE_PRODUCT = YES;
			};
			name = Release;
		};
		4944EAB3255E7D0400F88494 /* Debug */ = {
			isa = XCBuildConfiguration;
			buildSettings = {
				ASSETCATALOG_COMPILER_APPICON_NAME = AppIcon;
				ASSETCATALOG_COMPILER_GLOBAL_ACCENT_COLOR_NAME = AccentColor;
				CODE_SIGN_STYLE = Automatic;
				INFOPLIST_FILE = MyPlaces10/Info.plist;
				LD_RUNPATH_SEARCH_PATHS = (
					"$(inherited)",
					"@executable_path/Frameworks",
				);
				PRODUCT_BUNDLE_IDENTIFIER = "ru.savenkovsergey76-yandex.MyPlaces10";
				PRODUCT_NAME = "$(TARGET_NAME)";
				SWIFT_VERSION = 5.0;
				TARGETED_DEVICE_FAMILY = "1,2";
			};
			name = Debug;
		};
		4944EAB4255E7D0400F88494 /* Release */ = {
			isa = XCBuildConfiguration;
			buildSettings = {
				ASSETCATALOG_COMPILER_APPICON_NAME = AppIcon;
				ASSETCATALOG_COMPILER_GLOBAL_ACCENT_COLOR_NAME = AccentColor;
				CODE_SIGN_STYLE = Automatic;
				INFOPLIST_FILE = MyPlaces10/Info.plist;
				LD_RUNPATH_SEARCH_PATHS = (
					"$(inherited)",
					"@executable_path/Frameworks",
				);
				PRODUCT_BUNDLE_IDENTIFIER = "ru.savenkovsergey76-yandex.MyPlaces10";
				PRODUCT_NAME = "$(TARGET_NAME)";
				SWIFT_VERSION = 5.0;
				TARGETED_DEVICE_FAMILY = "1,2";
			};
			name = Release;
		};
		4944EAB6255E7D0400F88494 /* Debug */ = {
			isa = XCBuildConfiguration;
			buildSettings = {
				ALWAYS_EMBED_SWIFT_STANDARD_LIBRARIES = YES;
				BUNDLE_LOADER = "$(TEST_HOST)";
				CODE_SIGN_STYLE = Automatic;
				INFOPLIST_FILE = MyPlaces10Tests/Info.plist;
				IPHONEOS_DEPLOYMENT_TARGET = 14.1;
				LD_RUNPATH_SEARCH_PATHS = (
					"$(inherited)",
					"@executable_path/Frameworks",
					"@loader_path/Frameworks",
				);
				PRODUCT_BUNDLE_IDENTIFIER = "ru.savenkovsergey76-yandex.MyPlaces10Tests";
				PRODUCT_NAME = "$(TARGET_NAME)";
				SWIFT_VERSION = 5.0;
				TARGETED_DEVICE_FAMILY = "1,2";
				TEST_HOST = "$(BUILT_PRODUCTS_DIR)/MyPlaces10.app/MyPlaces10";
			};
			name = Debug;
		};
		4944EAB7255E7D0400F88494 /* Release */ = {
			isa = XCBuildConfiguration;
			buildSettings = {
				ALWAYS_EMBED_SWIFT_STANDARD_LIBRARIES = YES;
				BUNDLE_LOADER = "$(TEST_HOST)";
				CODE_SIGN_STYLE = Automatic;
				INFOPLIST_FILE = MyPlaces10Tests/Info.plist;
				IPHONEOS_DEPLOYMENT_TARGET = 14.1;
				LD_RUNPATH_SEARCH_PATHS = (
					"$(inherited)",
					"@executable_path/Frameworks",
					"@loader_path/Frameworks",
				);
				PRODUCT_BUNDLE_IDENTIFIER = "ru.savenkovsergey76-yandex.MyPlaces10Tests";
				PRODUCT_NAME = "$(TARGET_NAME)";
				SWIFT_VERSION = 5.0;
				TARGETED_DEVICE_FAMILY = "1,2";
				TEST_HOST = "$(BUILT_PRODUCTS_DIR)/MyPlaces10.app/MyPlaces10";
			};
			name = Release;
		};
		4944EAB9255E7D0400F88494 /* Debug */ = {
			isa = XCBuildConfiguration;
			buildSettings = {
				ALWAYS_EMBED_SWIFT_STANDARD_LIBRARIES = YES;
				CODE_SIGN_STYLE = Automatic;
				INFOPLIST_FILE = MyPlaces10UITests/Info.plist;
				LD_RUNPATH_SEARCH_PATHS = (
					"$(inherited)",
					"@executable_path/Frameworks",
					"@loader_path/Frameworks",
				);
				PRODUCT_BUNDLE_IDENTIFIER = "ru.savenkovsergey76-yandex.MyPlaces10UITests";
				PRODUCT_NAME = "$(TARGET_NAME)";
				SWIFT_VERSION = 5.0;
				TARGETED_DEVICE_FAMILY = "1,2";
				TEST_TARGET_NAME = MyPlaces10;
			};
			name = Debug;
		};
		4944EABA255E7D0400F88494 /* Release */ = {
			isa = XCBuildConfiguration;
			buildSettings = {
				ALWAYS_EMBED_SWIFT_STANDARD_LIBRARIES = YES;
				CODE_SIGN_STYLE = Automatic;
				INFOPLIST_FILE = MyPlaces10UITests/Info.plist;
				LD_RUNPATH_SEARCH_PATHS = (
					"$(inherited)",
					"@executable_path/Frameworks",
					"@loader_path/Frameworks",
				);
				PRODUCT_BUNDLE_IDENTIFIER = "ru.savenkovsergey76-yandex.MyPlaces10UITests";
				PRODUCT_NAME = "$(TARGET_NAME)";
				SWIFT_VERSION = 5.0;
				TARGETED_DEVICE_FAMILY = "1,2";
				TEST_TARGET_NAME = MyPlaces10;
			};
			name = Release;
		};
/* End XCBuildConfiguration section */

/* Begin XCConfigurationList section */
		4944EA83255E7D0200F88494 /* Build configuration list for PBXProject "MyPlaces10" */ = {
			isa = XCConfigurationList;
			buildConfigurations = (
				4944EAB0255E7D0400F88494 /* Debug */,
				4944EAB1255E7D0400F88494 /* Release */,
			);
			defaultConfigurationIsVisible = 0;
			defaultConfigurationName = Release;
		};
		4944EAB2255E7D0400F88494 /* Build configuration list for PBXNativeTarget "MyPlaces10" */ = {
			isa = XCConfigurationList;
			buildConfigurations = (
				4944EAB3255E7D0400F88494 /* Debug */,
				4944EAB4255E7D0400F88494 /* Release */,
			);
			defaultConfigurationIsVisible = 0;
			defaultConfigurationName = Release;
		};
		4944EAB5255E7D0400F88494 /* Build configuration list for PBXNativeTarget "MyPlaces10Tests" */ = {
			isa = XCConfigurationList;
			buildConfigurations = (
				4944EAB6255E7D0400F88494 /* Debug */,
				4944EAB7255E7D0400F88494 /* Release */,
			);
			defaultConfigurationIsVisible = 0;
			defaultConfigurationName = Release;
		};
		4944EAB8255E7D0400F88494 /* Build configuration list for PBXNativeTarget "MyPlaces10UITests" */ = {
			isa = XCConfigurationList;
			buildConfigurations = (
				4944EAB9255E7D0400F88494 /* Debug */,
				4944EABA255E7D0400F88494 /* Release */,
			);
			defaultConfigurationIsVisible = 0;
			defaultConfigurationName = Release;
		};
/* End XCConfigurationList section */
	};
	rootObject = 4944EA80255E7D0200F88494 /* Project object */;
}
